// !$*UTF8*$!
{
	archiveVersion = 1;
	classes = {
	};
	objectVersion = 50;
	objects = {

/* Begin PBXBuildFile section */
		317F204E8B18CE4E61BD34E6 /* Pods_HabitApp.framework in Frameworks */ = {isa = PBXBuildFile; fileRef = 48F17A48D746A0506E5FA85C /* Pods_HabitApp.framework */; };
		D64C2F8E258F3A22004F9E8C /* AppDelegate.swift in Sources */ = {isa = PBXBuildFile; fileRef = D64C2F8D258F3A22004F9E8C /* AppDelegate.swift */; };
		D64C2F90258F3A22004F9E8C /* SceneDelegate.swift in Sources */ = {isa = PBXBuildFile; fileRef = D64C2F8F258F3A22004F9E8C /* SceneDelegate.swift */; };
		D64C2F92258F3A22004F9E8C /* ViewController.swift in Sources */ = {isa = PBXBuildFile; fileRef = D64C2F91258F3A22004F9E8C /* ViewController.swift */; };
		D64C2F95258F3A22004F9E8C /* Main.storyboard in Resources */ = {isa = PBXBuildFile; fileRef = D64C2F93258F3A22004F9E8C /* Main.storyboard */; };
		D64C2F97258F3A23004F9E8C /* Assets.xcassets in Resources */ = {isa = PBXBuildFile; fileRef = D64C2F96258F3A23004F9E8C /* Assets.xcassets */; };
		D64C2F9A258F3A23004F9E8C /* LaunchScreen.storyboard in Resources */ = {isa = PBXBuildFile; fileRef = D64C2F98258F3A23004F9E8C /* LaunchScreen.storyboard */; };
/* End PBXBuildFile section */

/* Begin PBXFileReference section */
		48F17A48D746A0506E5FA85C /* Pods_HabitApp.framework */ = {isa = PBXFileReference; explicitFileType = wrapper.framework; includeInIndex = 0; path = Pods_HabitApp.framework; sourceTree = BUILT_PRODUCTS_DIR; };
		B8F2C0D0771E98FCD76C92D8 /* Pods-HabitApp.debug.xcconfig */ = {isa = PBXFileReference; includeInIndex = 1; lastKnownFileType = text.xcconfig; name = "Pods-HabitApp.debug.xcconfig"; path = "Target Support Files/Pods-HabitApp/Pods-HabitApp.debug.xcconfig"; sourceTree = "<group>"; };
		D64C2F8A258F3A22004F9E8C /* HabitApp.app */ = {isa = PBXFileReference; explicitFileType = wrapper.application; includeInIndex = 0; path = HabitApp.app; sourceTree = BUILT_PRODUCTS_DIR; };
		D64C2F8D258F3A22004F9E8C /* AppDelegate.swift */ = {isa = PBXFileReference; lastKnownFileType = sourcecode.swift; path = AppDelegate.swift; sourceTree = "<group>"; };
		D64C2F8F258F3A22004F9E8C /* SceneDelegate.swift */ = {isa = PBXFileReference; lastKnownFileType = sourcecode.swift; path = SceneDelegate.swift; sourceTree = "<group>"; };
		D64C2F91258F3A22004F9E8C /* ViewController.swift */ = {isa = PBXFileReference; lastKnownFileType = sourcecode.swift; path = ViewController.swift; sourceTree = "<group>"; };
		D64C2F94258F3A22004F9E8C /* Base */ = {isa = PBXFileReference; lastKnownFileType = file.storyboard; name = Base; path = Base.lproj/Main.storyboard; sourceTree = "<group>"; };
		D64C2F96258F3A23004F9E8C /* Assets.xcassets */ = {isa = PBXFileReference; lastKnownFileType = folder.assetcatalog; path = Assets.xcassets; sourceTree = "<group>"; };
		D64C2F99258F3A23004F9E8C /* Base */ = {isa = PBXFileReference; lastKnownFileType = file.storyboard; name = Base; path = Base.lproj/LaunchScreen.storyboard; sourceTree = "<group>"; };
		D64C2F9B258F3A23004F9E8C /* Info.plist */ = {isa = PBXFileReference; lastKnownFileType = text.plist.xml; path = Info.plist; sourceTree = "<group>"; };
		E96BB7AB2729694C15AD421C /* Pods-HabitApp.release.xcconfig */ = {isa = PBXFileReference; includeInIndex = 1; lastKnownFileType = text.xcconfig; name = "Pods-HabitApp.release.xcconfig"; path = "Target Support Files/Pods-HabitApp/Pods-HabitApp.release.xcconfig"; sourceTree = "<group>"; };
/* End PBXFileReference section */

/* Begin PBXFrameworksBuildPhase section */
		D64C2F87258F3A22004F9E8C /* Frameworks */ = {
			isa = PBXFrameworksBuildPhase;
			buildActionMask = 2147483647;
			files = (
				317F204E8B18CE4E61BD34E6 /* Pods_HabitApp.framework in Frameworks */,
			);
			runOnlyForDeploymentPostprocessing = 0;
		};
/* End PBXFrameworksBuildPhase section */

/* Begin PBXGroup section */
		77146BA44742B7FFFEA8EB84 /* Frameworks */ = {
			isa = PBXGroup;
			children = (
				48F17A48D746A0506E5FA85C /* Pods_HabitApp.framework */,
			);
			name = Frameworks;
			sourceTree = "<group>";
		};
		D64C2F81258F3A22004F9E8C = {
			isa = PBXGroup;
			children = (
				D64C2F8C258F3A22004F9E8C /* HabitApp */,
				D64C2F8B258F3A22004F9E8C /* Products */,
				FB2D947DD26C3BCF16C47B8D /* Pods */,
				77146BA44742B7FFFEA8EB84 /* Frameworks */,
			);
			sourceTree = "<group>";
		};
		D64C2F8B258F3A22004F9E8C /* Products */ = {
			isa = PBXGroup;
			children = (
				D64C2F8A258F3A22004F9E8C /* HabitApp.app */,
			);
			name = Products;
			sourceTree = "<group>";
		};
		D64C2F8C258F3A22004F9E8C /* HabitApp */ = {
			isa = PBXGroup;
			children = (
				D64C2F8D258F3A22004F9E8C /* AppDelegate.swift */,
				D64C2F8F258F3A22004F9E8C /* SceneDelegate.swift */,
				D64C2F91258F3A22004F9E8C /* ViewController.swift */,
				D64C2F93258F3A22004F9E8C /* Main.storyboard */,
				D64C2F96258F3A23004F9E8C /* Assets.xcassets */,
				D64C2F98258F3A23004F9E8C /* LaunchScreen.storyboard */,
				D64C2F9B258F3A23004F9E8C /* Info.plist */,
			);
			path = HabitApp;
			sourceTree = "<group>";
		};
		FB2D947DD26C3BCF16C47B8D /* Pods */ = {
			isa = PBXGroup;
			children = (
				B8F2C0D0771E98FCD76C92D8 /* Pods-HabitApp.debug.xcconfig */,
				E96BB7AB2729694C15AD421C /* Pods-HabitApp.release.xcconfig */,
			);
			name = Pods;
			path = Pods;
			sourceTree = "<group>";
		};
/* End PBXGroup section */

/* Begin PBXNativeTarget section */
		D64C2F89258F3A22004F9E8C /* HabitApp */ = {
			isa = PBXNativeTarget;
			buildConfigurationList = D64C2F9E258F3A23004F9E8C /* Build configuration list for PBXNativeTarget "HabitApp" */;
			buildPhases = (
				7EA1C77BF41DD079132AF9B0 /* [CP] Check Pods Manifest.lock */,
				D64C2F86258F3A22004F9E8C /* Sources */,
				D64C2F87258F3A22004F9E8C /* Frameworks */,
				D64C2F88258F3A22004F9E8C /* Resources */,
				EB40C05D5E847031E81C5939 /* [CP] Embed Pods Frameworks */,
			);
			buildRules = (
			);
			dependencies = (
			);
			name = HabitApp;
			productName = HabitApp;
			productReference = D64C2F8A258F3A22004F9E8C /* HabitApp.app */;
			productType = "com.apple.product-type.application";
		};
/* End PBXNativeTarget section */

/* Begin PBXProject section */
		D64C2F82258F3A22004F9E8C /* Project object */ = {
			isa = PBXProject;
			attributes = {
				LastSwiftUpdateCheck = 1220;
				LastUpgradeCheck = 1220;
				TargetAttributes = {
					D64C2F89258F3A22004F9E8C = {
						CreatedOnToolsVersion = 12.2;
					};
				};
			};
			buildConfigurationList = D64C2F85258F3A22004F9E8C /* Build configuration list for PBXProject "HabitApp" */;
			compatibilityVersion = "Xcode 9.3";
			developmentRegion = en;
			hasScannedForEncodings = 0;
			knownRegions = (
				en,
				Base,
			);
			mainGroup = D64C2F81258F3A22004F9E8C;
			productRefGroup = D64C2F8B258F3A22004F9E8C /* Products */;
			projectDirPath = "";
			projectRoot = "";
			targets = (
				D64C2F89258F3A22004F9E8C /* HabitApp */,
			);
		};
/* End PBXProject section */

/* Begin PBXResourcesBuildPhase section */
		D64C2F88258F3A22004F9E8C /* Resources */ = {
			isa = PBXResourcesBuildPhase;
			buildActionMask = 2147483647;
			files = (
				D64C2F9A258F3A23004F9E8C /* LaunchScreen.storyboard in Resources */,
				D64C2F97258F3A23004F9E8C /* Assets.xcassets in Resources */,
				D64C2F95258F3A22004F9E8C /* Main.storyboard in Resources */,
			);
			runOnlyForDeploymentPostprocessing = 0;
		};
/* End PBXResourcesBuildPhase section */

/* Begin PBXShellScriptBuildPhase section */
		7EA1C77BF41DD079132AF9B0 /* [CP] Check Pods Manifest.lock */ = {
			isa = PBXShellScriptBuildPhase;
			buildActionMask = 2147483647;
			files = (
			);
			inputFileListPaths = (
			);
			inputPaths = (
				"${PODS_PODFILE_DIR_PATH}/Podfile.lock",
				"${PODS_ROOT}/Manifest.lock",
			);
			name = "[CP] Check Pods Manifest.lock";
			outputFileListPaths = (
			);
			outputPaths = (
				"$(DERIVED_FILE_DIR)/Pods-HabitApp-checkManifestLockResult.txt",
			);
			runOnlyForDeploymentPostprocessing = 0;
			shellPath = /bin/sh;
			shellScript = "diff \"${PODS_PODFILE_DIR_PATH}/Podfile.lock\" \"${PODS_ROOT}/Manifest.lock\" > /dev/null\nif [ $? != 0 ] ; then\n    # print error to STDERR\n    echo \"error: The sandbox is not in sync with the Podfile.lock. Run 'pod install' or update your CocoaPods installation.\" >&2\n    exit 1\nfi\n# This output is used by Xcode 'outputs' to avoid re-running this script phase.\necho \"SUCCESS\" > \"${SCRIPT_OUTPUT_FILE_0}\"\n";
			showEnvVarsInLog = 0;
		};
		EB40C05D5E847031E81C5939 /* [CP] Embed Pods Frameworks */ = {
			isa = PBXShellScriptBuildPhase;
			buildActionMask = 2147483647;
			files = (
			);
			inputFileListPaths = (
				"${PODS_ROOT}/Target Support Files/Pods-HabitApp/Pods-HabitApp-frameworks-${CONFIGURATION}-input-files.xcfilelist",
			);
			name = "[CP] Embed Pods Frameworks";
			outputFileListPaths = (
				"${PODS_ROOT}/Target Support Files/Pods-HabitApp/Pods-HabitApp-frameworks-${CONFIGURATION}-output-files.xcfilelist",
			);
			runOnlyForDeploymentPostprocessing = 0;
			shellPath = /bin/sh;
			shellScript = "\"${PODS_ROOT}/Target Support Files/Pods-HabitApp/Pods-HabitApp-frameworks.sh\"\n";
			showEnvVarsInLog = 0;
		};
/* End PBXShellScriptBuildPhase section */

/* Begin PBXSourcesBuildPhase section */
		D64C2F86258F3A22004F9E8C /* Sources */ = {
			isa = PBXSourcesBuildPhase;
			buildActionMask = 2147483647;
			files = (
				D64C2F92258F3A22004F9E8C /* ViewController.swift in Sources */,
				D64C2F8E258F3A22004F9E8C /* AppDelegate.swift in Sources */,
				D64C2F90258F3A22004F9E8C /* SceneDelegate.swift in Sources */,
			);
			runOnlyForDeploymentPostprocessing = 0;
		};
/* End PBXSourcesBuildPhase section */

/* Begin PBXVariantGroup section */
		D64C2F93258F3A22004F9E8C /* Main.storyboard */ = {
			isa = PBXVariantGroup;
			children = (
				D64C2F94258F3A22004F9E8C /* Base */,
			);
			name = Main.storyboard;
			sourceTree = "<group>";
		};
		D64C2F98258F3A23004F9E8C /* LaunchScreen.storyboard */ = {
			isa = PBXVariantGroup;
			children = (
				D64C2F99258F3A23004F9E8C /* Base */,
			);
			name = LaunchScreen.storyboard;
			sourceTree = "<group>";
		};
/* End PBXVariantGroup section */

/* Begin XCBuildConfiguration section */
		D64C2F9C258F3A23004F9E8C /* Debug */ = {
			isa = XCBuildConfiguration;
			buildSettings = {
				ALWAYS_SEARCH_USER_PATHS = NO;
				CLANG_ANALYZER_NONNULL = YES;
				CLANG_ANALYZER_NUMBER_OBJECT_CONVERSION = YES_AGGRESSIVE;
				CLANG_CXX_LANGUAGE_STANDARD = "gnu++14";
				CLANG_CXX_LIBRARY = "libc++";
				CLANG_ENABLE_MODULES = YES;
				CLANG_ENABLE_OBJC_ARC = YES;
				CLANG_ENABLE_OBJC_WEAK = YES;
				CLANG_WARN_BLOCK_CAPTURE_AUTORELEASING = YES;
				CLANG_WARN_BOOL_CONVERSION = YES;
				CLANG_WARN_COMMA = YES;
				CLANG_WARN_CONSTANT_CONVERSION = YES;
				CLANG_WARN_DEPRECATED_OBJC_IMPLEMENTATIONS = YES;
				CLANG_WARN_DIRECT_OBJC_ISA_USAGE = YES_ERROR;
				CLANG_WARN_DOCUMENTATION_COMMENTS = YES;
				CLANG_WARN_EMPTY_BODY = YES;
				CLANG_WARN_ENUM_CONVERSION = YES;
				CLANG_WARN_INFINITE_RECURSION = YES;
				CLANG_WARN_INT_CONVERSION = YES;
				CLANG_WARN_NON_LITERAL_NULL_CONVERSION = YES;
				CLANG_WARN_OBJC_IMPLICIT_RETAIN_SELF = YES;
				CLANG_WARN_OBJC_LITERAL_CONVERSION = YES;
				CLANG_WARN_OBJC_ROOT_CLASS = YES_ERROR;
				CLANG_WARN_QUOTED_INCLUDE_IN_FRAMEWORK_HEADER = YES;
				CLANG_WARN_RANGE_LOOP_ANALYSIS = YES;
				CLANG_WARN_STRICT_PROTOTYPES = YES;
				CLANG_WARN_SUSPICIOUS_MOVE = YES;
				CLANG_WARN_UNGUARDED_AVAILABILITY = YES_AGGRESSIVE;
				CLANG_WARN_UNREACHABLE_CODE = YES;
				CLANG_WARN__DUPLICATE_METHOD_MATCH = YES;
				COPY_PHASE_STRIP = NO;
				DEBUG_INFORMATION_FORMAT = dwarf;
				ENABLE_STRICT_OBJC_MSGSEND = YES;
				ENABLE_TESTABILITY = YES;
				GCC_C_LANGUAGE_STANDARD = gnu11;
				GCC_DYNAMIC_NO_PIC = NO;
				GCC_NO_COMMON_BLOCKS = YES;
				GCC_OPTIMIZATION_LEVEL = 0;
				GCC_PREPROCESSOR_DEFINITIONS = (
					"DEBUG=1",
					"$(inherited)",
				);
				GCC_WARN_64_TO_32_BIT_CONVERSION = YES;
				GCC_WARN_ABOUT_RETURN_TYPE = YES_ERROR;
				GCC_WARN_UNDECLARED_SELECTOR = YES;
				GCC_WARN_UNINITIALIZED_AUTOS = YES_AGGRESSIVE;
				GCC_WARN_UNUSED_FUNCTION = YES;
				GCC_WARN_UNUSED_VARIABLE = YES;
				IPHONEOS_DEPLOYMENT_TARGET = 14.2;
				MTL_ENABLE_DEBUG_INFO = INCLUDE_SOURCE;
				MTL_FAST_MATH = YES;
				ONLY_ACTIVE_ARCH = YES;
				SDKROOT = iphoneos;
				SWIFT_ACTIVE_COMPILATION_CONDITIONS = DEBUG;
				SWIFT_OPTIMIZATION_LEVEL = "-Onone";
			};
			name = Debug;
		};
		D64C2F9D258F3A23004F9E8C /* Release */ = {
			isa = XCBuildConfiguration;
			buildSettings = {
				ALWAYS_SEARCH_USER_PATHS = NO;
				CLANG_ANALYZER_NONNULL = YES;
				CLANG_ANALYZER_NUMBER_OBJECT_CONVERSION = YES_AGGRESSIVE;
				CLANG_CXX_LANGUAGE_STANDARD = "gnu++14";
				CLANG_CXX_LIBRARY = "libc++";
				CLANG_ENABLE_MODULES = YES;
				CLANG_ENABLE_OBJC_ARC = YES;
				CLANG_ENABLE_OBJC_WEAK = YES;
				CLANG_WARN_BLOCK_CAPTURE_AUTORELEASING = YES;
				CLANG_WARN_BOOL_CONVERSION = YES;
				CLANG_WARN_COMMA = YES;
				CLANG_WARN_CONSTANT_CONVERSION = YES;
				CLANG_WARN_DEPRECATED_OBJC_IMPLEMENTATIONS = YES;
				CLANG_WARN_DIRECT_OBJC_ISA_USAGE = YES_ERROR;
				CLANG_WARN_DOCUMENTATION_COMMENTS = YES;
				CLANG_WARN_EMPTY_BODY = YES;
				CLANG_WARN_ENUM_CONVERSION = YES;
				CLANG_WARN_INFINITE_RECURSION = YES;
				CLANG_WARN_INT_CONVERSION = YES;
				CLANG_WARN_NON_LITERAL_NULL_CONVERSION = YES;
				CLANG_WARN_OBJC_IMPLICIT_RETAIN_SELF = YES;
				CLANG_WARN_OBJC_LITERAL_CONVERSION = YES;
				CLANG_WARN_OBJC_ROOT_CLASS = YES_ERROR;
				CLANG_WARN_QUOTED_INCLUDE_IN_FRAMEWORK_HEADER = YES;
				CLANG_WARN_RANGE_LOOP_ANALYSIS = YES;
				CLANG_WARN_STRICT_PROTOTYPES = YES;
				CLANG_WARN_SUSPICIOUS_MOVE = YES;
				CLANG_WARN_UNGUARDED_AVAILABILITY = YES_AGGRESSIVE;
				CLANG_WARN_UNREACHABLE_CODE = YES;
				CLANG_WARN__DUPLICATE_METHOD_MATCH = YES;
				COPY_PHASE_STRIP = NO;
				DEBUG_INFORMATION_FORMAT = "dwarf-with-dsym";
				ENABLE_NS_ASSERTIONS = NO;
				ENABLE_STRICT_OBJC_MSGSEND = YES;
				GCC_C_LANGUAGE_STANDARD = gnu11;
				GCC_NO_COMMON_BLOCKS = YES;
				GCC_WARN_64_TO_32_BIT_CONVERSION = YES;
				GCC_WARN_ABOUT_RETURN_TYPE = YES_ERROR;
				GCC_WARN_UNDECLARED_SELECTOR = YES;
				GCC_WARN_UNINITIALIZED_AUTOS = YES_AGGRESSIVE;
				GCC_WARN_UNUSED_FUNCTION = YES;
				GCC_WARN_UNUSED_VARIABLE = YES;
				IPHONEOS_DEPLOYMENT_TARGET = 14.2;
				MTL_ENABLE_DEBUG_INFO = NO;
				MTL_FAST_MATH = YES;
				SDKROOT = iphoneos;
				SWIFT_COMPILATION_MODE = wholemodule;
				SWIFT_OPTIMIZATION_LEVEL = "-O";
				VALIDATE_PRODUCT = YES;
			};
			name = Release;
		};
		D64C2F9F258F3A23004F9E8C /* Debug */ = {
			isa = XCBuildConfiguration;
			baseConfigurationReference = B8F2C0D0771E98FCD76C92D8 /* Pods-HabitApp.debug.xcconfig */;
			buildSettings = {
				ASSETCATALOG_COMPILER_APPICON_NAME = AppIcon;
				ASSETCATALOG_COMPILER_GLOBAL_ACCENT_COLOR_NAME = AccentColor;
				CODE_SIGN_STYLE = Automatic;
				INFOPLIST_FILE = HabitApp/Info.plist;
				LD_RUNPATH_SEARCH_PATHS = (
					"$(inherited)",
					"@executable_path/Frameworks",
				);
				PRODUCT_BUNDLE_IDENTIFIER = com.futakumin.HabitApp;
				PRODUCT_NAME = "$(TARGET_NAME)";
				SWIFT_VERSION = 5.0;
				TARGETED_DEVICE_FAMILY = "1,2";
			};
			name = Debug;
		};
		D64C2FA0258F3A23004F9E8C /* Release */ = {
			isa = XCBuildConfiguration;
			baseConfigurationReference = E96BB7AB2729694C15AD421C /* Pods-HabitApp.release.xcconfig */;
			buildSettings = {
				ASSETCATALOG_COMPILER_APPICON_NAME = AppIcon;
				ASSETCATALOG_COMPILER_GLOBAL_ACCENT_COLOR_NAME = AccentColor;
				CODE_SIGN_STYLE = Automatic;
				INFOPLIST_FILE = HabitApp/Info.plist;
				LD_RUNPATH_SEARCH_PATHS = (
					"$(inherited)",
					"@executable_path/Frameworks",
				);
				PRODUCT_BUNDLE_IDENTIFIER = com.futakumin.HabitApp;
				PRODUCT_NAME = "$(TARGET_NAME)";
				SWIFT_VERSION = 5.0;
				TARGETED_DEVICE_FAMILY = "1,2";
			};
			name = Release;
		};
/* End XCBuildConfiguration section */

/* Begin XCConfigurationList section */
		D64C2F85258F3A22004F9E8C /* Build configuration list for PBXProject "HabitApp" */ = {
			isa = XCConfigurationList;
			buildConfigurations = (
				D64C2F9C258F3A23004F9E8C /* Debug */,
				D64C2F9D258F3A23004F9E8C /* Release */,
			);
			defaultConfigurationIsVisible = 0;
			defaultConfigurationName = Release;
		};
		D64C2F9E258F3A23004F9E8C /* Build configuration list for PBXNativeTarget "HabitApp" */ = {
			isa = XCConfigurationList;
			buildConfigurations = (
				D64C2F9F258F3A23004F9E8C /* Debug */,
				D64C2FA0258F3A23004F9E8C /* Release */,
			);
			defaultConfigurationIsVisible = 0;
			defaultConfigurationName = Release;
		};
/* End XCConfigurationList section */
	};
	rootObject = D64C2F82258F3A22004F9E8C /* Project object */;
}
